
Microsoft Visual Studio Solution File, Format Version 12.00
# Visual Studio 15
Project("{FAE04EC0-301F-11D3-BF4B-00C04F79EFBC}") = "Assembly-CSharp", "Assembly-CSharp.csproj", "{C940D3DE-3A2E-EFA5-A724-F0FC21B4223D}"
EndProject
Global
	GlobalSection(SolutionConfigurationPlatforms) = preSolution
		Debug|Any CPU = Debug|Any CPU
		Release|Any CPU = Release|Any CPU
	EndGlobalSection
	GlobalSection(ProjectConfigurationPlatforms) = postSolution
		{C940D3DE-3A2E-EFA5-A724-F0FC21B4223D}.Debug|Any CPU.ActiveCfg = Debug|Any CPU
		{C940D3DE-3A2E-EFA5-A724-F0FC21B4223D}.Debug|Any CPU.Build.0 = Debug|Any CPU
		{C940D3DE-3A2E-EFA5-A724-F0FC21B4223D}.Release|Any CPU.ActiveCfg = Release|Any CPU
		{C940D3DE-3A2E-EFA5-A724-F0FC21B4223D}.Release|Any CPU.Build.0 = Release|Any CPU
	EndGlobalSection
	GlobalSection(SolutionProperties) = preSolution
		HideSolutionNode = FALSE
	EndGlobalSection
EndGlobal
